
Microsoft Visual Studio Solution File, Format Version 12.00
# Visual Studio Version 16
VisualStudioVersion = 16.0.809.8
MinimumVisualStudioVersion = 10.0.40219.1
Project("{FAE04EC0-301F-11D3-BF4B-00C04F79EFBC}") = "chris-graham.interviews.palindrome", "chris-graham.interviews.palindrome\chris-graham.interviews.palindrome.csproj", "{5EA363EA-656A-45C7-A892-BBF6EB8CAD31}"
EndProject
Project("{FAE04EC0-301F-11D3-BF4B-00C04F79EFBC}") = "chris-graham.interviews.fizzbuzz", "chris-graham.interviews.fizzbuzz\chris-graham.interviews.fizzbuzz.csproj", "{71EC6C5F-0833-417F-A959-6753EF572884}"
EndProject
Project("{FAE04EC0-301F-11D3-BF4B-00C04F79EFBC}") = "chris-graham.interviews.primenumbers", "chris-graham.interviews.primenumbers\chris-graham.interviews.primenumbers.csproj", "{B2DD908B-3B83-4853-85F4-A59AC399FBC4}"
EndProject
Global
	GlobalSection(SolutionConfigurationPlatforms) = preSolution
		Debug|Any CPU = Debug|Any CPU
		Release|Any CPU = Release|Any CPU
	EndGlobalSection
	GlobalSection(ProjectConfigurationPlatforms) = postSolution
		{5EA363EA-656A-45C7-A892-BBF6EB8CAD31}.Debug|Any CPU.ActiveCfg = Debug|Any CPU
		{5EA363EA-656A-45C7-A892-BBF6EB8CAD31}.Debug|Any CPU.Build.0 = Debug|Any CPU
		{5EA363EA-656A-45C7-A892-BBF6EB8CAD31}.Release|Any CPU.ActiveCfg = Release|Any CPU
		{5EA363EA-656A-45C7-A892-BBF6EB8CAD31}.Release|Any CPU.Build.0 = Release|Any CPU
		{71EC6C5F-0833-417F-A959-6753EF572884}.Debug|Any CPU.ActiveCfg = Debug|Any CPU
		{71EC6C5F-0833-417F-A959-6753EF572884}.Debug|Any CPU.Build.0 = Debug|Any CPU
		{71EC6C5F-0833-417F-A959-6753EF572884}.Release|Any CPU.ActiveCfg = Release|Any CPU
		{71EC6C5F-0833-417F-A959-6753EF572884}.Release|Any CPU.Build.0 = Release|Any CPU
		{B2DD908B-3B83-4853-85F4-A59AC399FBC4}.Debug|Any CPU.ActiveCfg = Debug|Any CPU
		{B2DD908B-3B83-4853-85F4-A59AC399FBC4}.Debug|Any CPU.Build.0 = Debug|Any CPU
		{B2DD908B-3B83-4853-85F4-A59AC399FBC4}.Release|Any CPU.ActiveCfg = Release|Any CPU
		{B2DD908B-3B83-4853-85F4-A59AC399FBC4}.Release|Any CPU.Build.0 = Release|Any CPU
	EndGlobalSection
	GlobalSection(SolutionProperties) = preSolution
		HideSolutionNode = FALSE
	EndGlobalSection
	GlobalSection(ExtensibilityGlobals) = postSolution
		SolutionGuid = {C4CBC3AF-3683-47F1-A12B-C4C445AE66E1}
	EndGlobalSection
EndGlobal
